
Microsoft Visual Studio Solution File, Format Version 12.00
# Visual Studio Version 17
VisualStudioVersion = 17.0.31903.59
MinimumVisualStudioVersion = 10.0.40219.1
Project("{2150E333-8FDC-42A3-9474-1A3956D46DE8}") = "src", "src", "{827E0CD3-B72D-47B6-A68D-7590B98EB39B}"
EndProject
Project("{FAE04EC0-301F-11D3-BF4B-00C04F79EFBC}") = "Dressfield.API", "src\Dressfield.API\Dressfield.API.csproj", "{7624702F-02DA-43B1-BA5A-0BF4FB82EC51}"
EndProject
Project("{FAE04EC0-301F-11D3-BF4B-00C04F79EFBC}") = "Dressfield.Core", "src\Dressfield.Core\Dressfield.Core.csproj", "{C21A6F47-4264-4215-93C2-312E9775F6C9}"
EndProject
Project("{FAE04EC0-301F-11D3-BF4B-00C04F79EFBC}") = "Dressfield.Application", "src\Dressfield.Application\Dressfield.Application.csproj", "{EC438490-2FB6-4E45-B40B-8759CD0E0E02}"
EndProject
Project("{FAE04EC0-301F-11D3-BF4B-00C04F79EFBC}") = "Dressfield.Infrastructure", "src\Dressfield.Infrastructure\Dressfield.Infrastructure.csproj", "{2C49D382-4FAD-42BE-B37B-22F55AAA4AE2}"
EndProject
Global
	GlobalSection(SolutionConfigurationPlatforms) = preSolution
		Debug|Any CPU = Debug|Any CPU
		Debug|x64 = Debug|x64
		Debug|x86 = Debug|x86
		Release|Any CPU = Release|Any CPU
		Release|x64 = Release|x64
		Release|x86 = Release|x86
	EndGlobalSection
	GlobalSection(ProjectConfigurationPlatforms) = postSolution
		{7624702F-02DA-43B1-BA5A-0BF4FB82EC51}.Debug|Any CPU.ActiveCfg = Debug|Any CPU
		{7624702F-02DA-43B1-BA5A-0BF4FB82EC51}.Debug|Any CPU.Build.0 = Debug|Any CPU
		{7624702F-02DA-43B1-BA5A-0BF4FB82EC51}.Debug|x64.ActiveCfg = Debug|Any CPU
		{7624702F-02DA-43B1-BA5A-0BF4FB82EC51}.Debug|x64.Build.0 = Debug|Any CPU
		{7624702F-02DA-43B1-BA5A-0BF4FB82EC51}.Debug|x86.ActiveCfg = Debug|Any CPU
		{7624702F-02DA-43B1-BA5A-0BF4FB82EC51}.Debug|x86.Build.0 = Debug|Any CPU
		{7624702F-02DA-43B1-BA5A-0BF4FB82EC51}.Release|Any CPU.ActiveCfg = Release|Any CPU
		{7624702F-02DA-43B1-BA5A-0BF4FB82EC51}.Release|Any CPU.Build.0 = Release|Any CPU
		{7624702F-02DA-43B1-BA5A-0BF4FB82EC51}.Release|x64.ActiveCfg = Release|Any CPU
		{7624702F-02DA-43B1-BA5A-0BF4FB82EC51}.Release|x64.Build.0 = Release|Any CPU
		{7624702F-02DA-43B1-BA5A-0BF4FB82EC51}.Release|x86.ActiveCfg = Release|Any CPU
		{7624702F-02DA-43B1-BA5A-0BF4FB82EC51}.Release|x86.Build.0 = Release|Any CPU
		{C21A6F47-4264-4215-93C2-312E9775F6C9}.Debug|Any CPU.ActiveCfg = Debug|Any CPU
		{C21A6F47-4264-4215-93C2-312E9775F6C9}.Debug|Any CPU.Build.0 = Debug|Any CPU
		{C21A6F47-4264-4215-93C2-312E9775F6C9}.Debug|x64.ActiveCfg = Debug|Any CPU
		{C21A6F47-4264-4215-93C2-312E9775F6C9}.Debug|x64.Build.0 = Debug|Any CPU
		{C21A6F47-4264-4215-93C2-312E9775F6C9}.Debug|x86.ActiveCfg = Debug|Any CPU
		{C21A6F47-4264-4215-93C2-312E9775F6C9}.Debug|x86.Build.0 = Debug|Any CPU
		{C21A6F47-4264-4215-93C2-312E9775F6C9}.Release|Any CPU.ActiveCfg = Release|Any CPU
		{C21A6F47-4264-4215-93C2-312E9775F6C9}.Release|Any CPU.Build.0 = Release|Any CPU
		{C21A6F47-4264-4215-93C2-312E9775F6C9}.Release|x64.ActiveCfg = Release|Any CPU
		{C21A6F47-4264-4215-93C2-312E9775F6C9}.Release|x64.Build.0 = Release|Any CPU
		{C21A6F47-4264-4215-93C2-312E9775F6C9}.Release|x86.ActiveCfg = Release|Any CPU
		{C21A6F47-4264-4215-93C2-312E9775F6C9}.Release|x86.Build.0 = Release|Any CPU
		{EC438490-2FB6-4E45-B40B-8759CD0E0E02}.Debug|Any CPU.ActiveCfg = Debug|Any CPU
		{EC438490-2FB6-4E45-B40B-8759CD0E0E02}.Debug|Any CPU.Build.0 = Debug|Any CPU
		{EC438490-2FB6-4E45-B40B-8759CD0E0E02}.Debug|x64.ActiveCfg = Debug|Any CPU
		{EC438490-2FB6-4E45-B40B-8759CD0E0E02}.Debug|x64.Build.0 = Debug|Any CPU
		{EC438490-2FB6-4E45-B40B-8759CD0E0E02}.Debug|x86.ActiveCfg = Debug|Any CPU
		{EC438490-2FB6-4E45-B40B-8759CD0E0E02}.Debug|x86.Build.0 = Debug|Any CPU
		{EC438490-2FB6-4E45-B40B-8759CD0E0E02}.Release|Any CPU.ActiveCfg = Release|Any CPU
		{EC438490-2FB6-4E45-B40B-8759CD0E0E02}.Release|Any CPU.Build.0 = Release|Any CPU
		{EC438490-2FB6-4E45-B40B-8759CD0E0E02}.Release|x64.ActiveCfg = Release|Any CPU
		{EC438490-2FB6-4E45-B40B-8759CD0E0E02}.Release|x64.Build.0 = Release|Any CPU
		{EC438490-2FB6-4E45-B40B-8759CD0E0E02}.Release|x86.ActiveCfg = Release|Any CPU
		{EC438490-2FB6-4E45-B40B-8759CD0E0E02}.Release|x86.Build.0 = Release|Any CPU
		{2C49D382-4FAD-42BE-B37B-22F55AAA4AE2}.Debug|Any CPU.ActiveCfg = Debug|Any CPU
		{2C49D382-4FAD-42BE-B37B-22F55AAA4AE2}.Debug|Any CPU.Build.0 = Debug|Any CPU
		{2C49D382-4FAD-42BE-B37B-22F55AAA4AE2}.Debug|x64.ActiveCfg = Debug|Any CPU
		{2C49D382-4FAD-42BE-B37B-22F55AAA4AE2}.Debug|x64.Build.0 = Debug|Any CPU
		{2C49D382-4FAD-42BE-B37B-22F55AAA4AE2}.Debug|x86.ActiveCfg = Debug|Any CPU
		{2C49D382-4FAD-42BE-B37B-22F55AAA4AE2}.Debug|x86.Build.0 = Debug|Any CPU
		{2C49D382-4FAD-42BE-B37B-22F55AAA4AE2}.Release|Any CPU.ActiveCfg = Release|Any CPU
		{2C49D382-4FAD-42BE-B37B-22F55AAA4AE2}.Release|Any CPU.Build.0 = Release|Any CPU
		{2C49D382-4FAD-42BE-B37B-22F55AAA4AE2}.Release|x64.ActiveCfg = Release|Any CPU
		{2C49D382-4FAD-42BE-B37B-22F55AAA4AE2}.Release|x64.Build.0 = Release|Any CPU
		{2C49D382-4FAD-42BE-B37B-22F55AAA4AE2}.Release|x86.ActiveCfg = Release|Any CPU
		{2C49D382-4FAD-42BE-B37B-22F55AAA4AE2}.Release|x86.Build.0 = Release|Any CPU
	EndGlobalSection
	GlobalSection(SolutionProperties) = preSolution
		HideSolutionNode = FALSE
	EndGlobalSection
	GlobalSection(NestedProjects) = preSolution
		{7624702F-02DA-43B1-BA5A-0BF4FB82EC51} = {827E0CD3-B72D-47B6-A68D-7590B98EB39B}
		{C21A6F47-4264-4215-93C2-312E9775F6C9} = {827E0CD3-B72D-47B6-A68D-7590B98EB39B}
		{EC438490-2FB6-4E45-B40B-8759CD0E0E02} = {827E0CD3-B72D-47B6-A68D-7590B98EB39B}
		{2C49D382-4FAD-42BE-B37B-22F55AAA4AE2} = {827E0CD3-B72D-47B6-A68D-7590B98EB39B}
	EndGlobalSection
EndGlobal
